PODS:
  - DrawUIBezierPathFitToUIView (2.0.0)

DEPENDENCIES:
  - DrawUIBezierPathFitToUIView (from `..`)

EXTERNAL SOURCES:
  DrawUIBezierPathFitToUIView:
    :path: ..

SPEC CHECKSUMS:
  DrawUIBezierPathFitToUIView: 868e484659de3b8ceeba261de04a245c20c3fa10

PODFILE CHECKSUM: 61b81e5bef97b0c2c38ab04b5530375376d4e216

COCOAPODS: 1.4.0
